
Microsoft Visual Studio Solution File, Format Version 12.00
# Visual Studio Version 16
VisualStudioVersion = 16.0.30406.217
MinimumVisualStudioVersion = 10.0.40219.1
Project("{F184B08F-C81C-45F6-A57F-5ABD9991F28F}") = "VBFundamentals", "VBFundamentals\VBFundamentals.vbproj", "{DC6FE212-669E-4348-82D2-03BE63C6DB09}"
EndProject
Global
	GlobalSection(SolutionConfigurationPlatforms) = preSolution
		Debug|Any CPU = Debug|Any CPU
		Release|Any CPU = Release|Any CPU
	EndGlobalSection
	GlobalSection(ProjectConfigurationPlatforms) = postSolution
		{DC6FE212-669E-4348-82D2-03BE63C6DB09}.Debug|Any CPU.ActiveCfg = Debug|Any CPU
		{DC6FE212-669E-4348-82D2-03BE63C6DB09}.Debug|Any CPU.Build.0 = Debug|Any CPU
		{DC6FE212-669E-4348-82D2-03BE63C6DB09}.Release|Any CPU.ActiveCfg = Release|Any CPU
		{DC6FE212-669E-4348-82D2-03BE63C6DB09}.Release|Any CPU.Build.0 = Release|Any CPU
	EndGlobalSection
	GlobalSection(SolutionProperties) = preSolution
		HideSolutionNode = FALSE
	EndGlobalSection
	GlobalSection(ExtensibilityGlobals) = postSolution
		SolutionGuid = {3974AC94-9C9F-4ECE-A1FE-C7E892DDE6EB}
	EndGlobalSection
EndGlobal
